
Microsoft Visual Studio Solution File, Format Version 12.00
# Visual Studio 15
VisualStudioVersion = 15.0.33403.129
MinimumVisualStudioVersion = 10.0.40219.1
Project("{F184B08F-C81C-45F6-A57F-5ABD9991F28F}") = "Pag-asa Multipurpose Cooperative", "Pag-asa Multipurpose Cooperative\Pag-asa Multipurpose Cooperative.vbproj", "{8E5731F5-D919-4723-8A95-06B713F14546}"
EndProject
Global
	GlobalSection(SolutionConfigurationPlatforms) = preSolution
		Debug|Any CPU = Debug|Any CPU
		Release|Any CPU = Release|Any CPU
	EndGlobalSection
	GlobalSection(ProjectConfigurationPlatforms) = postSolution
		{8E5731F5-D919-4723-8A95-06B713F14546}.Debug|Any CPU.ActiveCfg = Debug|Any CPU
		{8E5731F5-D919-4723-8A95-06B713F14546}.Debug|Any CPU.Build.0 = Debug|Any CPU
		{8E5731F5-D919-4723-8A95-06B713F14546}.Release|Any CPU.ActiveCfg = Release|Any CPU
		{8E5731F5-D919-4723-8A95-06B713F14546}.Release|Any CPU.Build.0 = Release|Any CPU
	EndGlobalSection
	GlobalSection(SolutionProperties) = preSolution
		HideSolutionNode = FALSE
	EndGlobalSection
	GlobalSection(ExtensibilityGlobals) = postSolution
		SolutionGuid = {BF118574-363D-4A32-96C5-0B77622BBB96}
	EndGlobalSection
EndGlobal
